
Microsoft Visual Studio Solution File, Format Version 12.00
# Visual Studio Version 17
VisualStudioVersion = 17.0.31903.59
MinimumVisualStudioVersion = 10.0.40219.1
Project("{9A19103F-16F7-4668-BE54-9A1E7A4F7556}") = "FediNet", "src\FediNet\FediNet.csproj", "{9FFC5BD9-A5D0-405B-93B7-934D989EC533}"
EndProject
Project("{2150E333-8FDC-42A3-9474-1A3956D46DE8}") = "Solution Items", "Solution Items", "{4D6675C6-5DA1-45B9-9435-B5C47BD06588}"
	ProjectSection(SolutionItems) = preProject
		Directory.Build.props = Directory.Build.props
	EndProjectSection
EndProject
Global
	GlobalSection(SolutionConfigurationPlatforms) = preSolution
		Debug|Any CPU = Debug|Any CPU
		Release|Any CPU = Release|Any CPU
	EndGlobalSection
	GlobalSection(ProjectConfigurationPlatforms) = postSolution
		{9FFC5BD9-A5D0-405B-93B7-934D989EC533}.Debug|Any CPU.ActiveCfg = Debug|Any CPU
		{9FFC5BD9-A5D0-405B-93B7-934D989EC533}.Debug|Any CPU.Build.0 = Debug|Any CPU
		{9FFC5BD9-A5D0-405B-93B7-934D989EC533}.Release|Any CPU.ActiveCfg = Release|Any CPU
		{9FFC5BD9-A5D0-405B-93B7-934D989EC533}.Release|Any CPU.Build.0 = Release|Any CPU
	EndGlobalSection
	GlobalSection(SolutionProperties) = preSolution
		HideSolutionNode = FALSE
	EndGlobalSection
	GlobalSection(ExtensibilityGlobals) = postSolution
		SolutionGuid = {1E7FF324-D4E4-4C9C-B2F2-C201DD78B580}
	EndGlobalSection
EndGlobal
