
Microsoft Visual Studio Solution File, Format Version 12.00
# Visual Studio Version 17
VisualStudioVersion = 17.3.32825.248
MinimumVisualStudioVersion = 10.0.40219.1
Project("{2150E333-8FDC-42A3-9474-1A3956D46DE8}") = "Solution Items", "Solution Items", "{4692365F-E707-4E8A-ADB0-697A78D86B80}"
	ProjectSection(SolutionItems) = preProject
		Directory.Build.props = Directory.Build.props
	EndProjectSection
EndProject
Project("{9A19103F-16F7-4668-BE54-9A1E7A4F7556}") = "FediNet", "FediNet\FediNet.csproj", "{6E820DFF-188C-4469-99BB-394264819AEB}"
EndProject
Project("{9A19103F-16F7-4668-BE54-9A1E7A4F7556}") = "FediNet.IntegrationTests", "FediNet.IntegrationTests\FediNet.IntegrationTests.csproj", "{41F03DBA-3959-4092-B4B5-DFE9331687DA}"
EndProject
Project("{9A19103F-16F7-4668-BE54-9A1E7A4F7556}") = "EndpointConfigurator", "EndpointConfigurator\EndpointConfigurator.csproj", "{A070A271-3C35-4771-9D71-CD8C4A9CEB46}"
EndProject
Project("{9A19103F-16F7-4668-BE54-9A1E7A4F7556}") = "EndpointConfigurator.Reference", "EndpointConfigurator.Reference\EndpointConfigurator.Reference.csproj", "{A643E834-7824-4B79-B9E6-BF8E7ACA1AEC}"
EndProject
Project("{FAE04EC0-301F-11D3-BF4B-00C04F79EFBC}") = "FediNet.Tests", "FediNet.Tests\FediNet.Tests.csproj", "{7F4141F9-0E45-4328-AAAF-9F3E8824A4D4}"
EndProject
Global
	GlobalSection(SolutionConfigurationPlatforms) = preSolution
		Debug|Any CPU = Debug|Any CPU
		Release|Any CPU = Release|Any CPU
	EndGlobalSection
	GlobalSection(ProjectConfigurationPlatforms) = postSolution
		{6E820DFF-188C-4469-99BB-394264819AEB}.Debug|Any CPU.ActiveCfg = Debug|Any CPU
		{6E820DFF-188C-4469-99BB-394264819AEB}.Debug|Any CPU.Build.0 = Debug|Any CPU
		{6E820DFF-188C-4469-99BB-394264819AEB}.Release|Any CPU.ActiveCfg = Release|Any CPU
		{6E820DFF-188C-4469-99BB-394264819AEB}.Release|Any CPU.Build.0 = Release|Any CPU
		{41F03DBA-3959-4092-B4B5-DFE9331687DA}.Debug|Any CPU.ActiveCfg = Debug|Any CPU
		{41F03DBA-3959-4092-B4B5-DFE9331687DA}.Debug|Any CPU.Build.0 = Debug|Any CPU
		{41F03DBA-3959-4092-B4B5-DFE9331687DA}.Release|Any CPU.ActiveCfg = Release|Any CPU
		{41F03DBA-3959-4092-B4B5-DFE9331687DA}.Release|Any CPU.Build.0 = Release|Any CPU
		{A070A271-3C35-4771-9D71-CD8C4A9CEB46}.Debug|Any CPU.ActiveCfg = Debug|Any CPU
		{A070A271-3C35-4771-9D71-CD8C4A9CEB46}.Debug|Any CPU.Build.0 = Debug|Any CPU
		{A070A271-3C35-4771-9D71-CD8C4A9CEB46}.Release|Any CPU.ActiveCfg = Release|Any CPU
		{A070A271-3C35-4771-9D71-CD8C4A9CEB46}.Release|Any CPU.Build.0 = Release|Any CPU
		{A643E834-7824-4B79-B9E6-BF8E7ACA1AEC}.Debug|Any CPU.ActiveCfg = Debug|Any CPU
		{A643E834-7824-4B79-B9E6-BF8E7ACA1AEC}.Debug|Any CPU.Build.0 = Debug|Any CPU
		{A643E834-7824-4B79-B9E6-BF8E7ACA1AEC}.Release|Any CPU.ActiveCfg = Release|Any CPU
		{A643E834-7824-4B79-B9E6-BF8E7ACA1AEC}.Release|Any CPU.Build.0 = Release|Any CPU
		{7F4141F9-0E45-4328-AAAF-9F3E8824A4D4}.Debug|Any CPU.ActiveCfg = Debug|Any CPU
		{7F4141F9-0E45-4328-AAAF-9F3E8824A4D4}.Debug|Any CPU.Build.0 = Debug|Any CPU
		{7F4141F9-0E45-4328-AAAF-9F3E8824A4D4}.Release|Any CPU.ActiveCfg = Release|Any CPU
		{7F4141F9-0E45-4328-AAAF-9F3E8824A4D4}.Release|Any CPU.Build.0 = Release|Any CPU
	EndGlobalSection
	GlobalSection(SolutionProperties) = preSolution
		HideSolutionNode = FALSE
	EndGlobalSection
	GlobalSection(ExtensibilityGlobals) = postSolution
		SolutionGuid = {274A09DC-F367-43C3-8552-12B809CB1854}
	EndGlobalSection
EndGlobal
